
Microsoft Visual Studio Solution File, Format Version 12.00
# Visual Studio Version 17
VisualStudioVersion = 17.1.32210.238
MinimumVisualStudioVersion = 10.0.40219.1
Project("{FAE04EC0-301F-11D3-BF4B-00C04F79EFBC}") = "MethodExercise_v2", "MethodExercise_v2\MethodExercise_v2.csproj", "{DA0AB1EF-F1A5-4F65-9235-F3A9A57C0F71}"
EndProject
Global
	GlobalSection(SolutionConfigurationPlatforms) = preSolution
		Debug|Any CPU = Debug|Any CPU
		Release|Any CPU = Release|Any CPU
	EndGlobalSection
	GlobalSection(ProjectConfigurationPlatforms) = postSolution
		{DA0AB1EF-F1A5-4F65-9235-F3A9A57C0F71}.Debug|Any CPU.ActiveCfg = Debug|Any CPU
		{DA0AB1EF-F1A5-4F65-9235-F3A9A57C0F71}.Debug|Any CPU.Build.0 = Debug|Any CPU
		{DA0AB1EF-F1A5-4F65-9235-F3A9A57C0F71}.Release|Any CPU.ActiveCfg = Release|Any CPU
		{DA0AB1EF-F1A5-4F65-9235-F3A9A57C0F71}.Release|Any CPU.Build.0 = Release|Any CPU
	EndGlobalSection
	GlobalSection(SolutionProperties) = preSolution
		HideSolutionNode = FALSE
	EndGlobalSection
	GlobalSection(ExtensibilityGlobals) = postSolution
		SolutionGuid = {EFD86D17-BEB0-4343-B40D-BC85A2BAE41D}
	EndGlobalSection
EndGlobal
